PODS:
  - MeetingLawyers (2.0.0-alpha50):
    - Socket.IO-Client-Swift (= 15.2.0)
    - TUSKit (= 3.3)
  - Socket.IO-Client-Swift (15.2.0):
    - Starscream (~> 3.1)
  - Starscream (3.1.1)
  - TUSKit (3.3)

DEPENDENCIES:
  - MeetingLawyers (= 2.0.0-alpha50)

SPEC REPOS:
  https://bitbucket.org/meetinglawyers/ios-cocoapods-specs.git:
    - MeetingLawyers
  trunk:
    - Socket.IO-Client-Swift
    - Starscream
    - TUSKit

SPEC CHECKSUMS:
  MeetingLawyers: 9ddef89fda83a8294af162a9c8fc61cad9128e43
  Socket.IO-Client-Swift: 1e3e3a1f09f3312a167f0d781eb2f383d477357c
  Starscream: 4bb2f9942274833f7b4d296a55504dcfc7edb7b0
  TUSKit: 48e6357dbaed924829b6321ec36f3f0f01a3599f

PODFILE CHECKSUM: 354b57c182e1fe07e23184cdc38b99d8df2c8972

COCOAPODS: 1.15.2
