PODS:
  - Alamofire (4.9.1)
  - AlamofireImage (3.6.0):
    - Alamofire (~> 4.9)
  - CryptoSwift (1.7.1)
  - MeetingLawyers (0.2.0):
    - MeetingLawyers-Controller (= 1.2.0-migration3)
    - MeetingLawyers-Core (= 1.2.0-migration3)
    - MeetingLawyers-Remote (= 1.2.0-migration3)
    - MeetingLawyers-Schema (= 1.2.0-migration3)
    - MeetingLawyers-Socket (= 1.2.0-migration3)
    - MeetingLawyers-Storage (= 1.2.0-migration3)
    - MeetingLawyersSDK (= 1.2.0-migration3)
    - MeetNetworkHTTP (~> 0.1.1)
  - MeetingLawyers-Controller (1.2.0-migration3):
    - MeetingLawyers-Core (= 1.2.0-migration3)
    - MeetingLawyers-Schema (= 1.2.0-migration3)
    - RxBlocking (= 6.5.0)
    - RxSwift (= 6.5.0)
  - MeetingLawyers-Core (1.2.0-migration3):
    - CryptoSwift (~> 1.0)
  - MeetingLawyers-Remote (1.2.0-migration3):
    - Alamofire (= 4.9.1)
    - AlamofireImage (= 3.6.0)
    - MeetingLawyers-Controller (= 1.2.0-migration3)
    - MeetingLawyers-Core (= 1.2.0-migration3)
    - MeetingLawyers-Schema (= 1.2.0-migration3)
  - MeetingLawyers-Schema (1.2.0-migration3):
    - MeetingLawyers-Core (= 1.2.0-migration3)
  - MeetingLawyers-Socket (1.2.0-migration3):
    - MeetingLawyers-Controller (= 1.2.0-migration3)
    - MeetingLawyers-Core (= 1.2.0-migration3)
    - MeetingLawyers-Schema (= 1.2.0-migration3)
    - Socket.IO-Client-Swift (= 15.2.0)
  - MeetingLawyers-Storage (1.2.0-migration3):
    - MeetingLawyers-Controller (= 1.2.0-migration3)
    - MeetingLawyers-Core (= 1.2.0-migration3)
    - MeetingLawyers-Schema (= 1.2.0-migration3)
    - MeetingLawyers-Socket (= 1.2.0-migration3)
    - RealmSwift (= 10.17.0)
  - MeetingLawyersSDK (1.2.0-migration3):
    - AlamofireImage (= 3.6.0)
    - MeetingLawyers-Controller (= 1.2.0-migration3)
    - MeetingLawyers-Core (= 1.2.0-migration3)
    - MeetingLawyers-Remote (= 1.2.0-migration3)
    - MeetingLawyers-Schema (= 1.2.0-migration3)
    - MeetingLawyers-Socket (= 1.2.0-migration3)
    - MeetingLawyers-Storage (= 1.2.0-migration3)
    - MessageKit (= 2.0.0)
    - OpenTok (= 2.22.3)
    - R.swift (= 5.1.0)
    - RxCocoa (= 6.5.0)
    - SDWebImage (= 5.0)
    - Swinject (= 2.6.0)
    - SwinjectStoryboard (= 2.2.0)
    - TUSKit (= 3.1.5)
  - MeetNetworkHTTP (0.1.1)
  - MessageInputBar/Core (0.4.1)
  - MessageKit (2.0.0):
    - MessageInputBar/Core
  - OpenTok (2.22.3):
    - VonageWebRTC (= 84.0.21)
  - R.swift (5.1.0):
    - R.swift.Library (~> 5.1.0)
  - R.swift.Library (5.1.0)
  - Realm (10.17.0):
    - Realm/Headers (= 10.17.0)
  - Realm/Headers (10.17.0)
  - RealmSwift (10.17.0):
    - Realm (= 10.17.0)
  - RxBlocking (6.5.0):
    - RxSwift (= 6.5.0)
  - RxCocoa (6.5.0):
    - RxRelay (= 6.5.0)
    - RxSwift (= 6.5.0)
  - RxRelay (6.5.0):
    - RxSwift (= 6.5.0)
  - RxSwift (6.5.0)
  - SDWebImage (5.0.0):
    - SDWebImage/Core (= 5.0.0)
  - SDWebImage/Core (5.0.0)
  - Socket.IO-Client-Swift (15.2.0):
    - Starscream (~> 3.1)
  - Starscream (3.1.1)
  - Swinject (2.6.0)
  - SwinjectStoryboard (2.2.0):
    - Swinject (~> 2.6)
  - TUSKit (3.1.5)
  - VonageWebRTC (84.0.21)

DEPENDENCIES:
  - MeetingLawyers (~> 0.2.0)

SPEC REPOS:
  https://bitbucket.org/meetinglawyers/ios-cocoapods-specs.git:
    - MeetingLawyers
    - MeetingLawyers-Controller
    - MeetingLawyers-Core
    - MeetingLawyers-Remote
    - MeetingLawyers-Schema
    - MeetingLawyers-Socket
    - MeetingLawyers-Storage
    - MeetingLawyersSDK
  https://github.com/MeetingLawyers/ios-meeting-podspec.git:
    - MeetNetworkHTTP
  trunk:
    - Alamofire
    - AlamofireImage
    - CryptoSwift
    - MessageInputBar
    - MessageKit
    - OpenTok
    - R.swift
    - R.swift.Library
    - Realm
    - RealmSwift
    - RxBlocking
    - RxCocoa
    - RxRelay
    - RxSwift
    - SDWebImage
    - Socket.IO-Client-Swift
    - Starscream
    - Swinject
    - SwinjectStoryboard
    - TUSKit
    - VonageWebRTC

SPEC CHECKSUMS:
  Alamofire: 85e8a02c69d6020a0d734f6054870d7ecb75cf18
  AlamofireImage: be9963c6582d68b39e89191f64c82a7d7bf40fdd
  CryptoSwift: d3d18dc357932f7e6d580689e065cf1f176007c1
  MeetingLawyers: 69bc7787455d3d9fffba63a14f25d203a4d354cc
  MeetingLawyers-Controller: 641799ac2988147b29f5eeea8dad55d5aca239a4
  MeetingLawyers-Core: 74b90dcfd8c7a350b54a53d4c85e84104dd9c92a
  MeetingLawyers-Remote: 0dc7dbf25799bd8f442c4c47943da7919b95f5b1
  MeetingLawyers-Schema: 7e8c4c9b963aef433f0e604bf44215f67ae31076
  MeetingLawyers-Socket: 079dcd6fc3ba52a0d897c62eeaeb2ebead1df06a
  MeetingLawyers-Storage: 9de5f7c1059497c96fad3ab6f0d5699aab7154cd
  MeetingLawyersSDK: 45b97723cceee7ca4f0099602ed502249bb95cc0
  MeetNetworkHTTP: d2d8d485999f5ee5a7d6ace36359360779993ef5
  MessageInputBar: e81c7535347f1f7b923de7080409a535a004b6e4
  MessageKit: 29c1c87e5a396d2ca7a3f712e5171dc9aba42a1e
  OpenTok: 532cdb6254b7bf41c64f8ad761469d6f7a154c7b
  R.swift: 8cbc4fc69b740305b6a17c8a8ed968eb788962d9
  R.swift.Library: fa85ce1e0d0b7e818cd9e080df910ba54d2776cc
  Realm: 9533276bd76f66aa2fd0d3ffe700c1f6023dcab6
  RealmSwift: 57f5d59aa29852587aad1e861989e7af139894b5
  RxBlocking: 04b5fd28bb5ea49f7d64b80db8bbfe50d9cc1c7d
  RxCocoa: 94f817b71c07517321eb4f9ad299112ca8af743b
  RxRelay: 1de1523e604c72b6c68feadedd1af3b1b4d0ecbd
  RxSwift: 5710a9e6b17f3c3d6e40d6e559b9fa1e813b2ef8
  SDWebImage: 5de80a0302de9e377e62f47d2fa1304efff0e55f
  Socket.IO-Client-Swift: 1e3e3a1f09f3312a167f0d781eb2f383d477357c
  Starscream: 4bb2f9942274833f7b4d296a55504dcfc7edb7b0
  Swinject: 48a96cda93633cf2860697b4ce76ab5db9ebaca2
  SwinjectStoryboard: 32512ef16c2b0ff5b8f823b23539c4a50f6d3383
  TUSKit: 55f7d14c60544d6de03b8060fba90d2a4bda9e24
  VonageWebRTC: cfa7aefc3fe6e95bcbd778e8973af90fe9bfd497

PODFILE CHECKSUM: d8e1960c109b8f9f84d96e1d830340f9d39f0d22

COCOAPODS: 1.11.3
